
Microsoft Visual Studio Solution File, Format Version 12.00
# Visual Studio Version 17
VisualStudioVersion = 17.6.33829.357
MinimumVisualStudioVersion = 10.0.40219.1
Project("{FAE04EC0-301F-11D3-BF4B-00C04F79EFBC}") = "Hashtables", "Hashtables\Hashtables.csproj", "{89093550-1C10-492F-9A49-6F53BE340CB7}"
EndProject
Global
	GlobalSection(SolutionConfigurationPlatforms) = preSolution
		Debug|Any CPU = Debug|Any CPU
		Release|Any CPU = Release|Any CPU
	EndGlobalSection
	GlobalSection(ProjectConfigurationPlatforms) = postSolution
		{89093550-1C10-492F-9A49-6F53BE340CB7}.Debug|Any CPU.ActiveCfg = Debug|Any CPU
		{89093550-1C10-492F-9A49-6F53BE340CB7}.Debug|Any CPU.Build.0 = Debug|Any CPU
		{89093550-1C10-492F-9A49-6F53BE340CB7}.Release|Any CPU.ActiveCfg = Release|Any CPU
		{89093550-1C10-492F-9A49-6F53BE340CB7}.Release|Any CPU.Build.0 = Release|Any CPU
	EndGlobalSection
	GlobalSection(SolutionProperties) = preSolution
		HideSolutionNode = FALSE
	EndGlobalSection
	GlobalSection(ExtensibilityGlobals) = postSolution
		SolutionGuid = {68502564-E117-49CA-A991-0A85C1E55705}
	EndGlobalSection
EndGlobal
